dependencies:
  markdown-it: 10.0.0
lockfileVersion: 5.1
packages:
  /argparse/1.0.10:
    dependencies:
      sprintf-js: 1.0.3
    dev: false
    resolution:
      integrity: sha512-o5Roy6tNG4SL/FOkCAN6RzjiakZS25RLYFrcMttJqbdd8BWrnA+fGz57iN5Pb06pvBGvl5gQ0B48dJlslXvoTg==
  /entities/2.0.0:
    dev: false
    resolution:
      integrity: sha512-D9f7V0JSRwIxlRI2mjMqufDrRDnx8p+eEOz7aUM9SuvF8gsBzra0/6tbjl1m8eQHrZlYj6PxqE00hZ1SAIKPLw==
  /linkify-it/2.2.0:
    dependencies:
      uc.micro: 1.0.6
    dev: false
    resolution:
      integrity: sha512-GnAl/knGn+i1U/wjBz3akz2stz+HrHLsxMwHQGofCDfPvlf+gDKN58UtfmUquTY4/MXeE2x7k19KQmeoZi94Iw==
  /markdown-it/10.0.0:
    dependencies:
      argparse: 1.0.10
      entities: 2.0.0
      linkify-it: 2.2.0
      mdurl: 1.0.1
      uc.micro: 1.0.6
    dev: false
    hasBin: true
    resolution:
      integrity: sha512-YWOP1j7UbDNz+TumYP1kpwnP0aEa711cJjrAQrzd0UXlbJfc5aAq0F/PZHjiioqDC1NKgvIMX+o+9Bk7yuM2dg==
  /mdurl/1.0.1:
    dev: false
    resolution:
      integrity: sha1-/oWy7HWlkDfyrf7BAP1sYBdhFS4=
  /sprintf-js/1.0.3:
    dev: false
    resolution:
      integrity: sha1-BOaSb2YolTVPPdAVIDYzuFcpfiw=
  /uc.micro/1.0.6:
    dev: false
    resolution:
      integrity: sha512-8Y75pvTYkLJW2hWQHXxoqRgV7qb9B+9vFEtidML+7koHUFapnVJAZ6cKs+Qjz5Aw3aZWHMC6u0wJE3At+nSGwA==
specifiers:
  markdown-it: ^10.0.0
